
Microsoft Visual Studio Solution File, Format Version 12.00
# Visual Studio Version 16
VisualStudioVersion = 16.0.31727.386
MinimumVisualStudioVersion = 10.0.40219.1
Project("{FAE04EC0-301F-11D3-BF4B-00C04F79EFBC}") = "AcmeVendingMachines", "..\Acme Vending machines\AcmeVendingMachines.csproj", "{7AD212BE-A264-48EB-892B-E0DEB5CD0896}"
EndProject
Global
	GlobalSection(SolutionConfigurationPlatforms) = preSolution
		Debug|Any CPU = Debug|Any CPU
		Release|Any CPU = Release|Any CPU
	EndGlobalSection
	GlobalSection(ProjectConfigurationPlatforms) = postSolution
		{7AD212BE-A264-48EB-892B-E0DEB5CD0896}.Debug|Any CPU.ActiveCfg = Debug|Any CPU
		{7AD212BE-A264-48EB-892B-E0DEB5CD0896}.Debug|Any CPU.Build.0 = Debug|Any CPU
		{7AD212BE-A264-48EB-892B-E0DEB5CD0896}.Release|Any CPU.ActiveCfg = Release|Any CPU
		{7AD212BE-A264-48EB-892B-E0DEB5CD0896}.Release|Any CPU.Build.0 = Release|Any CPU
	EndGlobalSection
	GlobalSection(SolutionProperties) = preSolution
		HideSolutionNode = FALSE
	EndGlobalSection
	GlobalSection(ExtensibilityGlobals) = postSolution
		SolutionGuid = {2C2A974C-AA46-42C8-BC0E-5CE7864F0CD9}
	EndGlobalSection
EndGlobal
